
Microsoft Visual Studio Solution File, Format Version 12.00
# Visual Studio Version 16
VisualStudioVersion = 16.0.30413.136
MinimumVisualStudioVersion = 10.0.40219.1
Project("{FAE04EC0-301F-11D3-BF4B-00C04F79EFBC}") = "PokemonWikiApp", "PokemonWikiApp\PokemonWikiApp.csproj", "{5F978027-8C65-425A-96EE-0E08FC930822}"
EndProject
Global
	GlobalSection(SolutionConfigurationPlatforms) = preSolution
		Debug|Any CPU = Debug|Any CPU
		Release|Any CPU = Release|Any CPU
	EndGlobalSection
	GlobalSection(ProjectConfigurationPlatforms) = postSolution
		{5F978027-8C65-425A-96EE-0E08FC930822}.Debug|Any CPU.ActiveCfg = Debug|Any CPU
		{5F978027-8C65-425A-96EE-0E08FC930822}.Debug|Any CPU.Build.0 = Debug|Any CPU
		{5F978027-8C65-425A-96EE-0E08FC930822}.Release|Any CPU.ActiveCfg = Release|Any CPU
		{5F978027-8C65-425A-96EE-0E08FC930822}.Release|Any CPU.Build.0 = Release|Any CPU
	EndGlobalSection
	GlobalSection(SolutionProperties) = preSolution
		HideSolutionNode = FALSE
	EndGlobalSection
	GlobalSection(ExtensibilityGlobals) = postSolution
		SolutionGuid = {5BF134A6-1197-403E-9F91-1F1E0C62EB6C}
	EndGlobalSection
EndGlobal
